
Microsoft Visual Studio Solution File, Format Version 12.00
# Visual Studio 15
VisualStudioVersion = 15.0.26403.3
MinimumVisualStudioVersion = 10.0.40219.1
Project("{2150E333-8FDC-42A3-9474-1A3956D46DE8}") = "Retrievers", "Retrievers", "{CFECB52B-D10F-4DE2-8F84-8735EFA34EAD}"
EndProject
Project("{2150E333-8FDC-42A3-9474-1A3956D46DE8}") = "Clients", "Clients", "{2E142E56-A242-408F-ADA3-7CF8CB2F6EF6}"
EndProject
Project("{2150E333-8FDC-42A3-9474-1A3956D46DE8}") = "Common", "Common", "{FB188B41-F666-46D8-B1FB-1BD068C08CEB}"
EndProject
Project("{FAE04EC0-301F-11D3-BF4B-00C04F79EFBC}") = "Astro.Clients.Web", "Clients\Astro.Clients.Web\Astro.Clients.Web.csproj", "{BAEEF151-4F26-43E5-9076-17E7176790D2}"
EndProject
Project("{FAE04EC0-301F-11D3-BF4B-00C04F79EFBC}") = "Astro.Common.Model", "Common\Astro.Common.Model\Astro.Common.Model.csproj", "{72C4985C-E54A-45EB-BD89-4BDA57D84ECE}"
EndProject
Project("{FAE04EC0-301F-11D3-BF4B-00C04F79EFBC}") = "Astro.Common.Repository", "Common\Astro.Common.Repository\Astro.Common.Repository.csproj", "{813567FB-CACC-4AB0-82DE-7E417A467EF9}"
EndProject
Project("{FAE04EC0-301F-11D3-BF4B-00C04F79EFBC}") = "Astro.Retrievers.Common", "Retrievers\Astro.Retrievers.Common\Astro.Retrievers.Common.csproj", "{21717AF9-6BB4-43DF-AD32-AB6C398BA86A}"
EndProject
Project("{FAE04EC0-301F-11D3-BF4B-00C04F79EFBC}") = "Astro.Retrievers.TwentyMinRetriever", "Retrievers\Astro.Retrievers.TwentyMinRetriever\Astro.Retrievers.TwentyMinRetriever.csproj", "{BEE8D134-1623-49BE-88FA-51FE0D9ADBE5}"
EndProject
Global
	GlobalSection(SolutionConfigurationPlatforms) = preSolution
		Debug|Any CPU = Debug|Any CPU
		Release|Any CPU = Release|Any CPU
	EndGlobalSection
	GlobalSection(ProjectConfigurationPlatforms) = postSolution
		{BAEEF151-4F26-43E5-9076-17E7176790D2}.Debug|Any CPU.ActiveCfg = Debug|Any CPU
		{BAEEF151-4F26-43E5-9076-17E7176790D2}.Debug|Any CPU.Build.0 = Debug|Any CPU
		{BAEEF151-4F26-43E5-9076-17E7176790D2}.Release|Any CPU.ActiveCfg = Release|Any CPU
		{BAEEF151-4F26-43E5-9076-17E7176790D2}.Release|Any CPU.Build.0 = Release|Any CPU
		{72C4985C-E54A-45EB-BD89-4BDA57D84ECE}.Debug|Any CPU.ActiveCfg = Debug|Any CPU
		{72C4985C-E54A-45EB-BD89-4BDA57D84ECE}.Debug|Any CPU.Build.0 = Debug|Any CPU
		{72C4985C-E54A-45EB-BD89-4BDA57D84ECE}.Release|Any CPU.ActiveCfg = Release|Any CPU
		{72C4985C-E54A-45EB-BD89-4BDA57D84ECE}.Release|Any CPU.Build.0 = Release|Any CPU
		{813567FB-CACC-4AB0-82DE-7E417A467EF9}.Debug|Any CPU.ActiveCfg = Debug|Any CPU
		{813567FB-CACC-4AB0-82DE-7E417A467EF9}.Debug|Any CPU.Build.0 = Debug|Any CPU
		{813567FB-CACC-4AB0-82DE-7E417A467EF9}.Release|Any CPU.ActiveCfg = Release|Any CPU
		{813567FB-CACC-4AB0-82DE-7E417A467EF9}.Release|Any CPU.Build.0 = Release|Any CPU
		{21717AF9-6BB4-43DF-AD32-AB6C398BA86A}.Debug|Any CPU.ActiveCfg = Debug|Any CPU
		{21717AF9-6BB4-43DF-AD32-AB6C398BA86A}.Debug|Any CPU.Build.0 = Debug|Any CPU
		{21717AF9-6BB4-43DF-AD32-AB6C398BA86A}.Release|Any CPU.ActiveCfg = Release|Any CPU
		{21717AF9-6BB4-43DF-AD32-AB6C398BA86A}.Release|Any CPU.Build.0 = Release|Any CPU
		{BEE8D134-1623-49BE-88FA-51FE0D9ADBE5}.Debug|Any CPU.ActiveCfg = Debug|Any CPU
		{BEE8D134-1623-49BE-88FA-51FE0D9ADBE5}.Debug|Any CPU.Build.0 = Debug|Any CPU
		{BEE8D134-1623-49BE-88FA-51FE0D9ADBE5}.Release|Any CPU.ActiveCfg = Release|Any CPU
		{BEE8D134-1623-49BE-88FA-51FE0D9ADBE5}.Release|Any CPU.Build.0 = Release|Any CPU
	EndGlobalSection
	GlobalSection(SolutionProperties) = preSolution
		HideSolutionNode = FALSE
	EndGlobalSection
	GlobalSection(NestedProjects) = preSolution
		{BAEEF151-4F26-43E5-9076-17E7176790D2} = {2E142E56-A242-408F-ADA3-7CF8CB2F6EF6}
		{72C4985C-E54A-45EB-BD89-4BDA57D84ECE} = {FB188B41-F666-46D8-B1FB-1BD068C08CEB}
		{813567FB-CACC-4AB0-82DE-7E417A467EF9} = {FB188B41-F666-46D8-B1FB-1BD068C08CEB}
		{21717AF9-6BB4-43DF-AD32-AB6C398BA86A} = {CFECB52B-D10F-4DE2-8F84-8735EFA34EAD}
		{BEE8D134-1623-49BE-88FA-51FE0D9ADBE5} = {CFECB52B-D10F-4DE2-8F84-8735EFA34EAD}
	EndGlobalSection
EndGlobal
